
Microsoft Visual Studio Solution File, Format Version 12.00
# Visual Studio Version 16
VisualStudioVersion = 16.0.29519.87
MinimumVisualStudioVersion = 10.0.40219.1
Project("{9A19103F-16F7-4668-BE54-9A1E7A4F7556}") = "DigitTranslater", "DigitTranslater\DigitTranslater.csproj", "{6F7F0C5E-B033-4B84-984E-CA9F1931913C}"
EndProject
Project("{9A19103F-16F7-4668-BE54-9A1E7A4F7556}") = "DigitTranslaterTests", "DigitTranslaterTests\DigitTranslaterTests.csproj", "{901CFEDA-CDD6-4B03-AA0A-D26CDA10C6BF}"
EndProject
Project("{9A19103F-16F7-4668-BE54-9A1E7A4F7556}") = "Liba", "Liba\Liba.csproj", "{7E9C3788-1705-4C1A-B213-A2E196871787}"
EndProject
Global
	GlobalSection(SolutionConfigurationPlatforms) = preSolution
		Debug|Any CPU = Debug|Any CPU
		Release|Any CPU = Release|Any CPU
	EndGlobalSection
	GlobalSection(ProjectConfigurationPlatforms) = postSolution
		{6F7F0C5E-B033-4B84-984E-CA9F1931913C}.Debug|Any CPU.ActiveCfg = Debug|Any CPU
		{6F7F0C5E-B033-4B84-984E-CA9F1931913C}.Debug|Any CPU.Build.0 = Debug|Any CPU
		{6F7F0C5E-B033-4B84-984E-CA9F1931913C}.Release|Any CPU.ActiveCfg = Release|Any CPU
		{6F7F0C5E-B033-4B84-984E-CA9F1931913C}.Release|Any CPU.Build.0 = Release|Any CPU
		{901CFEDA-CDD6-4B03-AA0A-D26CDA10C6BF}.Debug|Any CPU.ActiveCfg = Debug|Any CPU
		{901CFEDA-CDD6-4B03-AA0A-D26CDA10C6BF}.Debug|Any CPU.Build.0 = Debug|Any CPU
		{901CFEDA-CDD6-4B03-AA0A-D26CDA10C6BF}.Release|Any CPU.ActiveCfg = Release|Any CPU
		{901CFEDA-CDD6-4B03-AA0A-D26CDA10C6BF}.Release|Any CPU.Build.0 = Release|Any CPU
		{7E9C3788-1705-4C1A-B213-A2E196871787}.Debug|Any CPU.ActiveCfg = Debug|Any CPU
		{7E9C3788-1705-4C1A-B213-A2E196871787}.Debug|Any CPU.Build.0 = Debug|Any CPU
		{7E9C3788-1705-4C1A-B213-A2E196871787}.Release|Any CPU.ActiveCfg = Release|Any CPU
		{7E9C3788-1705-4C1A-B213-A2E196871787}.Release|Any CPU.Build.0 = Release|Any CPU
	EndGlobalSection
	GlobalSection(SolutionProperties) = preSolution
		HideSolutionNode = FALSE
	EndGlobalSection
	GlobalSection(ExtensibilityGlobals) = postSolution
		SolutionGuid = {F9B6C7CE-4B85-444E-A6FA-748F8505F181}
	EndGlobalSection
EndGlobal
